
Microsoft Visual Studio Solution File, Format Version 12.00
# Visual Studio Version 17
VisualStudioVersion = 17.11.35312.102
MinimumVisualStudioVersion = 10.0.40219.1
Project("{9A19103F-16F7-4668-BE54-9A1E7A4F7556}") = "SpectreConsoleLibrary", "SpectreConsoleLibrary\SpectreConsoleLibrary.csproj", "{2540BADC-F06D-479D-B94B-FDAB79C2A729}"
EndProject
Project("{9A19103F-16F7-4668-BE54-9A1E7A4F7556}") = "SamplesApplication", "SamplesApplication\SamplesApplication.csproj", "{711BD19F-D7F4-4FBC-8F67-F87FBF8AD840}"
EndProject
Project("{2150E333-8FDC-42A3-9474-1A3956D46DE8}") = "Solution Items", "Solution Items", "{7E823B60-5BA9-4EF9-9697-DFCDF0D25DAD}"
	ProjectSection(SolutionItems) = preProject
		readme.md = readme.md
	EndProjectSection
EndProject
Global
	GlobalSection(SolutionConfigurationPlatforms) = preSolution
		Debug|Any CPU = Debug|Any CPU
		Release|Any CPU = Release|Any CPU
	EndGlobalSection
	GlobalSection(ProjectConfigurationPlatforms) = postSolution
		{2540BADC-F06D-479D-B94B-FDAB79C2A729}.Debug|Any CPU.ActiveCfg = Debug|Any CPU
		{2540BADC-F06D-479D-B94B-FDAB79C2A729}.Debug|Any CPU.Build.0 = Debug|Any CPU
		{2540BADC-F06D-479D-B94B-FDAB79C2A729}.Release|Any CPU.ActiveCfg = Release|Any CPU
		{2540BADC-F06D-479D-B94B-FDAB79C2A729}.Release|Any CPU.Build.0 = Release|Any CPU
		{711BD19F-D7F4-4FBC-8F67-F87FBF8AD840}.Debug|Any CPU.ActiveCfg = Debug|Any CPU
		{711BD19F-D7F4-4FBC-8F67-F87FBF8AD840}.Debug|Any CPU.Build.0 = Debug|Any CPU
		{711BD19F-D7F4-4FBC-8F67-F87FBF8AD840}.Release|Any CPU.ActiveCfg = Release|Any CPU
		{711BD19F-D7F4-4FBC-8F67-F87FBF8AD840}.Release|Any CPU.Build.0 = Release|Any CPU
	EndGlobalSection
	GlobalSection(SolutionProperties) = preSolution
		HideSolutionNode = FALSE
	EndGlobalSection
	GlobalSection(ExtensibilityGlobals) = postSolution
		SolutionGuid = {7D6FE0B5-9106-4FCD-A626-39D56262DA55}
	EndGlobalSection
EndGlobal
